// !$*UTF8*$!
{
	archiveVersion = 1;
	classes = {
	};
	objectVersion = 56;
	objects = {

/* Begin PBXBuildFile section */
		554EBDD929F1306400BC6BFE /* AppDelegate.swift in Sources */ = {isa = PBXBuildFile; fileRef = 554EBDD829F1306400BC6BFE /* AppDelegate.swift */; };
		554EBDDB29F1306400BC6BFE /* SceneDelegate.swift in Sources */ = {isa = PBXBuildFile; fileRef = 554EBDDA29F1306400BC6BFE /* SceneDelegate.swift */; };
		554EBDE229F1306500BC6BFE /* Assets.xcassets in Resources */ = {isa = PBXBuildFile; fileRef = 554EBDE129F1306500BC6BFE /* Assets.xcassets */; };
		554EBDE529F1306500BC6BFE /* LaunchScreen.storyboard in Resources */ = {isa = PBXBuildFile; fileRef = 554EBDE329F1306500BC6BFE /* LaunchScreen.storyboard */; };
		554EBDFD29F14A1D00BC6BFE /* RocketJSON.json in Resources */ = {isa = PBXBuildFile; fileRef = 554EBDF829F138C000BC6BFE /* RocketJSON.json */; };
		554EBE0729F16A5400BC6BFE /* Bundle.swift in Sources */ = {isa = PBXBuildFile; fileRef = 554EBE0629F16A5400BC6BFE /* Bundle.swift */; };
		554EBE0A29F16AE200BC6BFE /* Unbounded-Regular.ttf in Resources */ = {isa = PBXBuildFile; fileRef = 554EBE0929F16AE200BC6BFE /* Unbounded-Regular.ttf */; };
		554EBE0C29F16AFA00BC6BFE /* Unbounded-Medium.ttf in Resources */ = {isa = PBXBuildFile; fileRef = 554EBE0B29F16AFA00BC6BFE /* Unbounded-Medium.ttf */; };
		554EBE0E29F16B2800BC6BFE /* Fonts.swift in Sources */ = {isa = PBXBuildFile; fileRef = 554EBE0D29F16B2800BC6BFE /* Fonts.swift */; };
		554EBE1229F1722600BC6BFE /* Unbounded-Light.ttf in Resources */ = {isa = PBXBuildFile; fileRef = 554EBE1129F1722600BC6BFE /* Unbounded-Light.ttf */; };
		559A331C2A24AD720034FE34 /* PageViewController.swift in Sources */ = {isa = PBXBuildFile; fileRef = 559A331B2A24AD720034FE34 /* PageViewController.swift */; };
		559A331E2A24B1AF0034FE34 /* ViewController.swift in Sources */ = {isa = PBXBuildFile; fileRef = 559A331D2A24B1AF0034FE34 /* ViewController.swift */; };
		559A33202A24B9B00034FE34 /* RocketModel.swift in Sources */ = {isa = PBXBuildFile; fileRef = 559A331F2A24B9B00034FE34 /* RocketModel.swift */; };
		559A33242A24BA8E0034FE34 /* TitleCell.swift in Sources */ = {isa = PBXBuildFile; fileRef = 559A33232A24BA8E0034FE34 /* TitleCell.swift */; };
		559A33262A24BAD10034FE34 /* InfoCell.swift in Sources */ = {isa = PBXBuildFile; fileRef = 559A33252A24BAD10034FE34 /* InfoCell.swift */; };
		559A33282A24BAF10034FE34 /* ButtonCell.swift in Sources */ = {isa = PBXBuildFile; fileRef = 559A33272A24BAF10034FE34 /* ButtonCell.swift */; };
		559A332A2A24BB310034FE34 /* DescriptionCell.swift in Sources */ = {isa = PBXBuildFile; fileRef = 559A33292A24BB310034FE34 /* DescriptionCell.swift */; };
		559A332D2A24BBA20034FE34 /* RocketConstants.swift in Sources */ = {isa = PBXBuildFile; fileRef = 559A332C2A24BBA20034FE34 /* RocketConstants.swift */; };
		559A332F2A24BE130034FE34 /* ViewController + DataSource.swift in Sources */ = {isa = PBXBuildFile; fileRef = 559A332E2A24BE130034FE34 /* ViewController + DataSource.swift */; };
		559A33332A24BEDB0034FE34 /* PageViewController + DataSource.swift in Sources */ = {isa = PBXBuildFile; fileRef = 559A33322A24BEDB0034FE34 /* PageViewController + DataSource.swift */; };
		559A33362A24E0B80034FE34 /* LaunchViewController.swift in Sources */ = {isa = PBXBuildFile; fileRef = 559A33352A24E0B80034FE34 /* LaunchViewController.swift */; };
		559A33382A24E0D00034FE34 /* LaunchCell.swift in Sources */ = {isa = PBXBuildFile; fileRef = 559A33372A24E0D00034FE34 /* LaunchCell.swift */; };
		559A333A2A24E1040034FE34 /* LaunchModel.swift in Sources */ = {isa = PBXBuildFile; fileRef = 559A33392A24E1040034FE34 /* LaunchModel.swift */; };
		559A333C2A24E9690034FE34 /* LaunchViewController + DataSource.swift in Sources */ = {isa = PBXBuildFile; fileRef = 559A333B2A24E9690034FE34 /* LaunchViewController + DataSource.swift */; };
		55B1A73B29F94C69008A642E /* LaunchJSON.json in Resources */ = {isa = PBXBuildFile; fileRef = 55B1A73A29F94C69008A642E /* LaunchJSON.json */; };
/* End PBXBuildFile section */

/* Begin PBXFileReference section */
		554EBDD529F1306400BC6BFE /* SpaceCraft.app */ = {isa = PBXFileReference; explicitFileType = wrapper.application; includeInIndex = 0; path = SpaceCraft.app; sourceTree = BUILT_PRODUCTS_DIR; };
		554EBDD829F1306400BC6BFE /* AppDelegate.swift */ = {isa = PBXFileReference; lastKnownFileType = sourcecode.swift; path = AppDelegate.swift; sourceTree = "<group>"; };
		554EBDDA29F1306400BC6BFE /* SceneDelegate.swift */ = {isa = PBXFileReference; lastKnownFileType = sourcecode.swift; path = SceneDelegate.swift; sourceTree = "<group>"; };
		554EBDE129F1306500BC6BFE /* Assets.xcassets */ = {isa = PBXFileReference; lastKnownFileType = folder.assetcatalog; path = Assets.xcassets; sourceTree = "<group>"; };
		554EBDE429F1306500BC6BFE /* Base */ = {isa = PBXFileReference; lastKnownFileType = file.storyboard; name = Base; path = Base.lproj/LaunchScreen.storyboard; sourceTree = "<group>"; };
		554EBDE629F1306500BC6BFE /* Info.plist */ = {isa = PBXFileReference; lastKnownFileType = text.plist.xml; path = Info.plist; sourceTree = "<group>"; };
		554EBDF829F138C000BC6BFE /* RocketJSON.json */ = {isa = PBXFileReference; lastKnownFileType = text.json; path = RocketJSON.json; sourceTree = "<group>"; };
		554EBE0629F16A5400BC6BFE /* Bundle.swift */ = {isa = PBXFileReference; lastKnownFileType = sourcecode.swift; path = Bundle.swift; sourceTree = "<group>"; };
		554EBE0929F16AE200BC6BFE /* Unbounded-Regular.ttf */ = {isa = PBXFileReference; lastKnownFileType = file; name = "Unbounded-Regular.ttf"; path = "../../../../../Library/Fonts/Unbounded-Regular.ttf"; sourceTree = "<group>"; };
		554EBE0B29F16AFA00BC6BFE /* Unbounded-Medium.ttf */ = {isa = PBXFileReference; lastKnownFileType = file; name = "Unbounded-Medium.ttf"; path = "../../../../../Library/Fonts/Unbounded-Medium.ttf"; sourceTree = "<group>"; };
		554EBE0D29F16B2800BC6BFE /* Fonts.swift */ = {isa = PBXFileReference; lastKnownFileType = sourcecode.swift; path = Fonts.swift; sourceTree = "<group>"; };
		554EBE1129F1722600BC6BFE /* Unbounded-Light.ttf */ = {isa = PBXFileReference; lastKnownFileType = file; name = "Unbounded-Light.ttf"; path = "../../../../../Library/Fonts/Unbounded-Light.ttf"; sourceTree = "<group>"; };
		557554AE2A09097A00C17007 /* ru */ = {isa = PBXFileReference; lastKnownFileType = text.plist.strings; name = ru; path = ru.lproj/LaunchScreen.strings; sourceTree = "<group>"; };
		559A331B2A24AD720034FE34 /* PageViewController.swift */ = {isa = PBXFileReference; lastKnownFileType = sourcecode.swift; path = PageViewController.swift; sourceTree = "<group>"; };
		559A331D2A24B1AF0034FE34 /* ViewController.swift */ = {isa = PBXFileReference; lastKnownFileType = sourcecode.swift; path = ViewController.swift; sourceTree = "<group>"; };
		559A331F2A24B9B00034FE34 /* RocketModel.swift */ = {isa = PBXFileReference; lastKnownFileType = sourcecode.swift; path = RocketModel.swift; sourceTree = "<group>"; };
		559A33232A24BA8E0034FE34 /* TitleCell.swift */ = {isa = PBXFileReference; lastKnownFileType = sourcecode.swift; path = TitleCell.swift; sourceTree = "<group>"; };
		559A33252A24BAD10034FE34 /* InfoCell.swift */ = {isa = PBXFileReference; lastKnownFileType = sourcecode.swift; path = InfoCell.swift; sourceTree = "<group>"; };
		559A33272A24BAF10034FE34 /* ButtonCell.swift */ = {isa = PBXFileReference; lastKnownFileType = sourcecode.swift; path = ButtonCell.swift; sourceTree = "<group>"; };
		559A33292A24BB310034FE34 /* DescriptionCell.swift */ = {isa = PBXFileReference; lastKnownFileType = sourcecode.swift; path = DescriptionCell.swift; sourceTree = "<group>"; };
		559A332C2A24BBA20034FE34 /* RocketConstants.swift */ = {isa = PBXFileReference; lastKnownFileType = sourcecode.swift; path = RocketConstants.swift; sourceTree = "<group>"; };
		559A332E2A24BE130034FE34 /* ViewController + DataSource.swift */ = {isa = PBXFileReference; lastKnownFileType = sourcecode.swift; path = "ViewController + DataSource.swift"; sourceTree = "<group>"; };
		559A33322A24BEDB0034FE34 /* PageViewController + DataSource.swift */ = {isa = PBXFileReference; lastKnownFileType = sourcecode.swift; path = "PageViewController + DataSource.swift"; sourceTree = "<group>"; };
		559A33352A24E0B80034FE34 /* LaunchViewController.swift */ = {isa = PBXFileReference; lastKnownFileType = sourcecode.swift; path = LaunchViewController.swift; sourceTree = "<group>"; };
		559A33372A24E0D00034FE34 /* LaunchCell.swift */ = {isa = PBXFileReference; lastKnownFileType = sourcecode.swift; path = LaunchCell.swift; sourceTree = "<group>"; };
		559A33392A24E1040034FE34 /* LaunchModel.swift */ = {isa = PBXFileReference; lastKnownFileType = sourcecode.swift; path = LaunchModel.swift; sourceTree = "<group>"; };
		559A333B2A24E9690034FE34 /* LaunchViewController + DataSource.swift */ = {isa = PBXFileReference; lastKnownFileType = sourcecode.swift; path = "LaunchViewController + DataSource.swift"; sourceTree = "<group>"; };
		55B1A73A29F94C69008A642E /* LaunchJSON.json */ = {isa = PBXFileReference; fileEncoding = 4; lastKnownFileType = text.json; path = LaunchJSON.json; sourceTree = "<group>"; };
/* End PBXFileReference section */

/* Begin PBXFrameworksBuildPhase section */
		554EBDD229F1306400BC6BFE /* Frameworks */ = {
			isa = PBXFrameworksBuildPhase;
			buildActionMask = 2147483647;
			files = (
			);
			runOnlyForDeploymentPostprocessing = 0;
		};
/* End PBXFrameworksBuildPhase section */

/* Begin PBXGroup section */
		554EBDCC29F1306400BC6BFE = {
			isa = PBXGroup;
			children = (
				554EBDD729F1306400BC6BFE /* SpaceCraft */,
				554EBDD629F1306400BC6BFE /* Products */,
			);
			sourceTree = "<group>";
		};
		554EBDD629F1306400BC6BFE /* Products */ = {
			isa = PBXGroup;
			children = (
				554EBDD529F1306400BC6BFE /* SpaceCraft.app */,
			);
			name = Products;
			sourceTree = "<group>";
		};
		554EBDD729F1306400BC6BFE /* SpaceCraft */ = {
			isa = PBXGroup;
			children = (
				554EBDED29F130E600BC6BFE /* Application */,
				55B1C2FC2A024F120057098B /* Module */,
				554EBDF429F1389300BC6BFE /* Resources */,
				554EBDEC29F130D700BC6BFE /* SupportingFiles */,
			);
			path = SpaceCraft;
			sourceTree = "<group>";
		};
		554EBDEC29F130D700BC6BFE /* SupportingFiles */ = {
			isa = PBXGroup;
			children = (
				554EBDE129F1306500BC6BFE /* Assets.xcassets */,
				554EBDE329F1306500BC6BFE /* LaunchScreen.storyboard */,
				554EBDE629F1306500BC6BFE /* Info.plist */,
			);
			path = SupportingFiles;
			sourceTree = "<group>";
		};
		554EBDED29F130E600BC6BFE /* Application */ = {
			isa = PBXGroup;
			children = (
				554EBDD829F1306400BC6BFE /* AppDelegate.swift */,
				554EBDDA29F1306400BC6BFE /* SceneDelegate.swift */,
			);
			path = Application;
			sourceTree = "<group>";
		};
		554EBDF429F1389300BC6BFE /* Resources */ = {
			isa = PBXGroup;
			children = (
				559A332B2A24BB970034FE34 /* Constants */,
				554EBDF729F138BC00BC6BFE /* JSON */,
				554EBE0829F16AC600BC6BFE /* Fonts */,
				554EBE0529F16A4700BC6BFE /* Extensions */,
			);
			path = Resources;
			sourceTree = "<group>";
		};
		554EBDF729F138BC00BC6BFE /* JSON */ = {
			isa = PBXGroup;
			children = (
				55B1A73A29F94C69008A642E /* LaunchJSON.json */,
				554EBDF829F138C000BC6BFE /* RocketJSON.json */,
			);
			path = JSON;
			sourceTree = "<group>";
		};
		554EBE0529F16A4700BC6BFE /* Extensions */ = {
			isa = PBXGroup;
			children = (
				554EBE0629F16A5400BC6BFE /* Bundle.swift */,
			);
			path = Extensions;
			sourceTree = "<group>";
		};
		554EBE0829F16AC600BC6BFE /* Fonts */ = {
			isa = PBXGroup;
			children = (
				554EBE1129F1722600BC6BFE /* Unbounded-Light.ttf */,
				554EBE0B29F16AFA00BC6BFE /* Unbounded-Medium.ttf */,
				554EBE0929F16AE200BC6BFE /* Unbounded-Regular.ttf */,
			);
			path = Fonts;
			sourceTree = "<group>";
		};
		559A33212A24BA6F0034FE34 /* Model */ = {
			isa = PBXGroup;
			children = (
				559A331F2A24B9B00034FE34 /* RocketModel.swift */,
				559A33392A24E1040034FE34 /* LaunchModel.swift */,
			);
			name = Model;
			sourceTree = "<group>";
		};
		559A33222A24BA7A0034FE34 /* View */ = {
			isa = PBXGroup;
			children = (
				559A33232A24BA8E0034FE34 /* TitleCell.swift */,
				559A33252A24BAD10034FE34 /* InfoCell.swift */,
				559A33292A24BB310034FE34 /* DescriptionCell.swift */,
				559A33272A24BAF10034FE34 /* ButtonCell.swift */,
				559A33372A24E0D00034FE34 /* LaunchCell.swift */,
			);
			path = View;
			sourceTree = "<group>";
		};
		559A332B2A24BB970034FE34 /* Constants */ = {
			isa = PBXGroup;
			children = (
				559A332C2A24BBA20034FE34 /* RocketConstants.swift */,
				554EBE0D29F16B2800BC6BFE /* Fonts.swift */,
			);
			path = Constants;
			sourceTree = "<group>";
		};
		559A33302A24BEB20034FE34 /* PageViewController */ = {
			isa = PBXGroup;
			children = (
				559A331B2A24AD720034FE34 /* PageViewController.swift */,
				559A33322A24BEDB0034FE34 /* PageViewController + DataSource.swift */,
			);
			path = PageViewController;
			sourceTree = "<group>";
		};
		559A33312A24BEC20034FE34 /* ViewController */ = {
			isa = PBXGroup;
			children = (
				559A331D2A24B1AF0034FE34 /* ViewController.swift */,
				559A332E2A24BE130034FE34 /* ViewController + DataSource.swift */,
			);
			path = ViewController;
			sourceTree = "<group>";
		};
		559A33342A24E0A40034FE34 /* LaunchViewController */ = {
			isa = PBXGroup;
			children = (
				559A33352A24E0B80034FE34 /* LaunchViewController.swift */,
				559A333B2A24E9690034FE34 /* LaunchViewController + DataSource.swift */,
			);
			path = LaunchViewController;
			sourceTree = "<group>";
		};
		55B1C2FC2A024F120057098B /* Module */ = {
			isa = PBXGroup;
			children = (
				559A33212A24BA6F0034FE34 /* Model */,
				559A33222A24BA7A0034FE34 /* View */,
				55B1C3022A024F5B0057098B /* Controller */,
			);
			path = Module;
			sourceTree = "<group>";
		};
		55B1C3022A024F5B0057098B /* Controller */ = {
			isa = PBXGroup;
			children = (
				559A33302A24BEB20034FE34 /* PageViewController */,
				559A33312A24BEC20034FE34 /* ViewController */,
				559A33342A24E0A40034FE34 /* LaunchViewController */,
			);
			path = Controller;
			sourceTree = "<group>";
		};
/* End PBXGroup section */

/* Begin PBXNativeTarget section */
		554EBDD429F1306400BC6BFE /* SpaceCraft */ = {
			isa = PBXNativeTarget;
			buildConfigurationList = 554EBDE929F1306500BC6BFE /* Build configuration list for PBXNativeTarget "SpaceCraft" */;
			buildPhases = (
				554EBDD129F1306400BC6BFE /* Sources */,
				554EBDD229F1306400BC6BFE /* Frameworks */,
				554EBDD329F1306400BC6BFE /* Resources */,
			);
			buildRules = (
			);
			dependencies = (
			);
			name = SpaceCraft;
			productName = SpaceCraft;
			productReference = 554EBDD529F1306400BC6BFE /* SpaceCraft.app */;
			productType = "com.apple.product-type.application";
		};
/* End PBXNativeTarget section */

/* Begin PBXProject section */
		554EBDCD29F1306400BC6BFE /* Project object */ = {
			isa = PBXProject;
			attributes = {
				BuildIndependentTargetsInParallel = 1;
				LastSwiftUpdateCheck = 1430;
				LastUpgradeCheck = 1430;
				TargetAttributes = {
					554EBDD429F1306400BC6BFE = {
						CreatedOnToolsVersion = 14.3;
					};
				};
			};
			buildConfigurationList = 554EBDD029F1306400BC6BFE /* Build configuration list for PBXProject "SpaceCraft" */;
			compatibilityVersion = "Xcode 14.0";
			developmentRegion = ru;
			hasScannedForEncodings = 0;
			knownRegions = (
				Base,
				ru,
			);
			mainGroup = 554EBDCC29F1306400BC6BFE;
			productRefGroup = 554EBDD629F1306400BC6BFE /* Products */;
			projectDirPath = "";
			projectRoot = "";
			targets = (
				554EBDD429F1306400BC6BFE /* SpaceCraft */,
			);
		};
/* End PBXProject section */

/* Begin PBXResourcesBuildPhase section */
		554EBDD329F1306400BC6BFE /* Resources */ = {
			isa = PBXResourcesBuildPhase;
			buildActionMask = 2147483647;
			files = (
				554EBE1229F1722600BC6BFE /* Unbounded-Light.ttf in Resources */,
				554EBE0A29F16AE200BC6BFE /* Unbounded-Regular.ttf in Resources */,
				554EBDFD29F14A1D00BC6BFE /* RocketJSON.json in Resources */,
				554EBE0C29F16AFA00BC6BFE /* Unbounded-Medium.ttf in Resources */,
				554EBDE529F1306500BC6BFE /* LaunchScreen.storyboard in Resources */,
				55B1A73B29F94C69008A642E /* LaunchJSON.json in Resources */,
				554EBDE229F1306500BC6BFE /* Assets.xcassets in Resources */,
			);
			runOnlyForDeploymentPostprocessing = 0;
		};
/* End PBXResourcesBuildPhase section */

/* Begin PBXSourcesBuildPhase section */
		554EBDD129F1306400BC6BFE /* Sources */ = {
			isa = PBXSourcesBuildPhase;
			buildActionMask = 2147483647;
			files = (
				559A33202A24B9B00034FE34 /* RocketModel.swift in Sources */,
				559A33362A24E0B80034FE34 /* LaunchViewController.swift in Sources */,
				559A332D2A24BBA20034FE34 /* RocketConstants.swift in Sources */,
				554EBE0729F16A5400BC6BFE /* Bundle.swift in Sources */,
				559A331E2A24B1AF0034FE34 /* ViewController.swift in Sources */,
				559A33332A24BEDB0034FE34 /* PageViewController + DataSource.swift in Sources */,
				559A33382A24E0D00034FE34 /* LaunchCell.swift in Sources */,
				559A33282A24BAF10034FE34 /* ButtonCell.swift in Sources */,
				559A333A2A24E1040034FE34 /* LaunchModel.swift in Sources */,
				554EBDD929F1306400BC6BFE /* AppDelegate.swift in Sources */,
				559A333C2A24E9690034FE34 /* LaunchViewController + DataSource.swift in Sources */,
				559A33242A24BA8E0034FE34 /* TitleCell.swift in Sources */,
				559A33262A24BAD10034FE34 /* InfoCell.swift in Sources */,
				554EBDDB29F1306400BC6BFE /* SceneDelegate.swift in Sources */,
				554EBE0E29F16B2800BC6BFE /* Fonts.swift in Sources */,
				559A332F2A24BE130034FE34 /* ViewController + DataSource.swift in Sources */,
				559A332A2A24BB310034FE34 /* DescriptionCell.swift in Sources */,
				559A331C2A24AD720034FE34 /* PageViewController.swift in Sources */,
			);
			runOnlyForDeploymentPostprocessing = 0;
		};
/* End PBXSourcesBuildPhase section */

/* Begin PBXVariantGroup section */
		554EBDE329F1306500BC6BFE /* LaunchScreen.storyboard */ = {
			isa = PBXVariantGroup;
			children = (
				554EBDE429F1306500BC6BFE /* Base */,
				557554AE2A09097A00C17007 /* ru */,
			);
			name = LaunchScreen.storyboard;
			sourceTree = "<group>";
		};
/* End PBXVariantGroup section */

/* Begin XCBuildConfiguration section */
		554EBDE729F1306500BC6BFE /* Debug */ = {
			isa = XCBuildConfiguration;
			buildSettings = {
				ALWAYS_SEARCH_USER_PATHS = NO;
				CLANG_ANALYZER_LOCALIZABILITY_NONLOCALIZED = YES;
				CLANG_ANALYZER_NONNULL = YES;
				CLANG_ANALYZER_NUMBER_OBJECT_CONVERSION = YES_AGGRESSIVE;
				CLANG_CXX_LANGUAGE_STANDARD = "gnu++20";
				CLANG_ENABLE_MODULES = YES;
				CLANG_ENABLE_OBJC_ARC = YES;
				CLANG_ENABLE_OBJC_WEAK = YES;
				CLANG_WARN_BLOCK_CAPTURE_AUTORELEASING = YES;
				CLANG_WARN_BOOL_CONVERSION = YES;
				CLANG_WARN_COMMA = YES;
				CLANG_WARN_CONSTANT_CONVERSION = YES;
				CLANG_WARN_DEPRECATED_OBJC_IMPLEMENTATIONS = YES;
				CLANG_WARN_DIRECT_OBJC_ISA_USAGE = YES_ERROR;
				CLANG_WARN_DOCUMENTATION_COMMENTS = YES;
				CLANG_WARN_EMPTY_BODY = YES;
				CLANG_WARN_ENUM_CONVERSION = YES;
				CLANG_WARN_INFINITE_RECURSION = YES;
				CLANG_WARN_INT_CONVERSION = YES;
				CLANG_WARN_NON_LITERAL_NULL_CONVERSION = YES;
				CLANG_WARN_OBJC_IMPLICIT_RETAIN_SELF = YES;
				CLANG_WARN_OBJC_LITERAL_CONVERSION = YES;
				CLANG_WARN_OBJC_ROOT_CLASS = YES_ERROR;
				CLANG_WARN_QUOTED_INCLUDE_IN_FRAMEWORK_HEADER = YES;
				CLANG_WARN_RANGE_LOOP_ANALYSIS = YES;
				CLANG_WARN_STRICT_PROTOTYPES = YES;
				CLANG_WARN_SUSPICIOUS_MOVE = YES;
				CLANG_WARN_UNGUARDED_AVAILABILITY = YES_AGGRESSIVE;
				CLANG_WARN_UNREACHABLE_CODE = YES;
				CLANG_WARN__DUPLICATE_METHOD_MATCH = YES;
				COPY_PHASE_STRIP = NO;
				DEBUG_INFORMATION_FORMAT = dwarf;
				ENABLE_STRICT_OBJC_MSGSEND = YES;
				ENABLE_TESTABILITY = YES;
				GCC_C_LANGUAGE_STANDARD = gnu11;
				GCC_DYNAMIC_NO_PIC = NO;
				GCC_NO_COMMON_BLOCKS = YES;
				GCC_OPTIMIZATION_LEVEL = 0;
				GCC_PREPROCESSOR_DEFINITIONS = (
					"DEBUG=1",
					"$(inherited)",
				);
				GCC_WARN_64_TO_32_BIT_CONVERSION = YES;
				GCC_WARN_ABOUT_RETURN_TYPE = YES_ERROR;
				GCC_WARN_UNDECLARED_SELECTOR = YES;
				GCC_WARN_UNINITIALIZED_AUTOS = YES_AGGRESSIVE;
				GCC_WARN_UNUSED_FUNCTION = YES;
				GCC_WARN_UNUSED_VARIABLE = YES;
				IPHONEOS_DEPLOYMENT_TARGET = 16.4;
				MTL_ENABLE_DEBUG_INFO = INCLUDE_SOURCE;
				MTL_FAST_MATH = YES;
				ONLY_ACTIVE_ARCH = YES;
				SDKROOT = iphoneos;
				SWIFT_ACTIVE_COMPILATION_CONDITIONS = DEBUG;
				SWIFT_OPTIMIZATION_LEVEL = "-Onone";
			};
			name = Debug;
		};
		554EBDE829F1306500BC6BFE /* Release */ = {
			isa = XCBuildConfiguration;
			buildSettings = {
				ALWAYS_SEARCH_USER_PATHS = NO;
				CLANG_ANALYZER_LOCALIZABILITY_NONLOCALIZED = YES;
				CLANG_ANALYZER_NONNULL = YES;
				CLANG_ANALYZER_NUMBER_OBJECT_CONVERSION = YES_AGGRESSIVE;
				CLANG_CXX_LANGUAGE_STANDARD = "gnu++20";
				CLANG_ENABLE_MODULES = YES;
				CLANG_ENABLE_OBJC_ARC = YES;
				CLANG_ENABLE_OBJC_WEAK = YES;
				CLANG_WARN_BLOCK_CAPTURE_AUTORELEASING = YES;
				CLANG_WARN_BOOL_CONVERSION = YES;
				CLANG_WARN_COMMA = YES;
				CLANG_WARN_CONSTANT_CONVERSION = YES;
				CLANG_WARN_DEPRECATED_OBJC_IMPLEMENTATIONS = YES;
				CLANG_WARN_DIRECT_OBJC_ISA_USAGE = YES_ERROR;
				CLANG_WARN_DOCUMENTATION_COMMENTS = YES;
				CLANG_WARN_EMPTY_BODY = YES;
				CLANG_WARN_ENUM_CONVERSION = YES;
				CLANG_WARN_INFINITE_RECURSION = YES;
				CLANG_WARN_INT_CONVERSION = YES;
				CLANG_WARN_NON_LITERAL_NULL_CONVERSION = YES;
				CLANG_WARN_OBJC_IMPLICIT_RETAIN_SELF = YES;
				CLANG_WARN_OBJC_LITERAL_CONVERSION = YES;
				CLANG_WARN_OBJC_ROOT_CLASS = YES_ERROR;
				CLANG_WARN_QUOTED_INCLUDE_IN_FRAMEWORK_HEADER = YES;
				CLANG_WARN_RANGE_LOOP_ANALYSIS = YES;
				CLANG_WARN_STRICT_PROTOTYPES = YES;
				CLANG_WARN_SUSPICIOUS_MOVE = YES;
				CLANG_WARN_UNGUARDED_AVAILABILITY = YES_AGGRESSIVE;
				CLANG_WARN_UNREACHABLE_CODE = YES;
				CLANG_WARN__DUPLICATE_METHOD_MATCH = YES;
				COPY_PHASE_STRIP = NO;
				DEBUG_INFORMATION_FORMAT = "dwarf-with-dsym";
				ENABLE_NS_ASSERTIONS = NO;
				ENABLE_STRICT_OBJC_MSGSEND = YES;
				GCC_C_LANGUAGE_STANDARD = gnu11;
				GCC_NO_COMMON_BLOCKS = YES;
				GCC_WARN_64_TO_32_BIT_CONVERSION = YES;
				GCC_WARN_ABOUT_RETURN_TYPE = YES_ERROR;
				GCC_WARN_UNDECLARED_SELECTOR = YES;
				GCC_WARN_UNINITIALIZED_AUTOS = YES_AGGRESSIVE;
				GCC_WARN_UNUSED_FUNCTION = YES;
				GCC_WARN_UNUSED_VARIABLE = YES;
				IPHONEOS_DEPLOYMENT_TARGET = 16.4;
				MTL_ENABLE_DEBUG_INFO = NO;
				MTL_FAST_MATH = YES;
				SDKROOT = iphoneos;
				SWIFT_COMPILATION_MODE = wholemodule;
				SWIFT_OPTIMIZATION_LEVEL = "-O";
				VALIDATE_PRODUCT = YES;
			};
			name = Release;
		};
		554EBDEA29F1306500BC6BFE /* Debug */ = {
			isa = XCBuildConfiguration;
			buildSettings = {
				ASSETCATALOG_COMPILER_APPICON_NAME = AppIcon;
				CODE_SIGN_STYLE = Automatic;
				CURRENT_PROJECT_VERSION = 1;
				DEVELOPMENT_TEAM = JRA8SJKSWZ;
				GENERATE_INFOPLIST_FILE = YES;
				INFOPLIST_FILE = SpaceCraft/SupportingFiles/Info.plist;
				INFOPLIST_KEY_CFBundleDisplayName = SpaceCraftWiki;
				INFOPLIST_KEY_UIApplicationSupportsIndirectInputEvents = YES;
				INFOPLIST_KEY_UILaunchStoryboardName = LaunchScreen;
				INFOPLIST_KEY_UIStatusBarStyle = UIStatusBarStyleDarkContent;
				INFOPLIST_KEY_UISupportedInterfaceOrientations = UIInterfaceOrientationPortrait;
				INFOPLIST_KEY_UISupportedInterfaceOrientations_iPad = "UIInterfaceOrientationLandscapeLeft UIInterfaceOrientationLandscapeRight UIInterfaceOrientationPortrait UIInterfaceOrientationPortraitUpsideDown";
				INFOPLIST_KEY_UIUserInterfaceStyle = Dark;
				IPHONEOS_DEPLOYMENT_TARGET = 15.0;
				LD_RUNPATH_SEARCH_PATHS = (
					"$(inherited)",
					"@executable_path/Frameworks",
				);
				MARKETING_VERSION = 1.0;
				PRODUCT_BUNDLE_IDENTIFIER = aiv.SpaceCraft;
				PRODUCT_NAME = "$(TARGET_NAME)";
				SUPPORTED_PLATFORMS = "iphoneos iphonesimulator";
				SUPPORTS_MACCATALYST = NO;
				SUPPORTS_MAC_DESIGNED_FOR_IPHONE_IPAD = NO;
				SWIFT_EMIT_LOC_STRINGS = YES;
				SWIFT_VERSION = 5.0;
				TARGETED_DEVICE_FAMILY = 1;
			};
			name = Debug;
		};
		554EBDEB29F1306500BC6BFE /* Release */ = {
			isa = XCBuildConfiguration;
			buildSettings = {
				ASSETCATALOG_COMPILER_APPICON_NAME = AppIcon;
				CODE_SIGN_STYLE = Automatic;
				CURRENT_PROJECT_VERSION = 1;
				DEVELOPMENT_TEAM = JRA8SJKSWZ;
				GENERATE_INFOPLIST_FILE = YES;
				INFOPLIST_FILE = SpaceCraft/SupportingFiles/Info.plist;
				INFOPLIST_KEY_CFBundleDisplayName = SpaceCraftWiki;
				INFOPLIST_KEY_UIApplicationSupportsIndirectInputEvents = YES;
				INFOPLIST_KEY_UILaunchStoryboardName = LaunchScreen;
				INFOPLIST_KEY_UIStatusBarStyle = UIStatusBarStyleDarkContent;
				INFOPLIST_KEY_UISupportedInterfaceOrientations = UIInterfaceOrientationPortrait;
				INFOPLIST_KEY_UISupportedInterfaceOrientations_iPad = "UIInterfaceOrientationLandscapeLeft UIInterfaceOrientationLandscapeRight UIInterfaceOrientationPortrait UIInterfaceOrientationPortraitUpsideDown";
				INFOPLIST_KEY_UIUserInterfaceStyle = Dark;
				IPHONEOS_DEPLOYMENT_TARGET = 15.0;
				LD_RUNPATH_SEARCH_PATHS = (
					"$(inherited)",
					"@executable_path/Frameworks",
				);
				MARKETING_VERSION = 1.0;
				PRODUCT_BUNDLE_IDENTIFIER = aiv.SpaceCraft;
				PRODUCT_NAME = "$(TARGET_NAME)";
				SUPPORTED_PLATFORMS = "iphoneos iphonesimulator";
				SUPPORTS_MACCATALYST = NO;
				SUPPORTS_MAC_DESIGNED_FOR_IPHONE_IPAD = NO;
				SWIFT_EMIT_LOC_STRINGS = YES;
				SWIFT_VERSION = 5.0;
				TARGETED_DEVICE_FAMILY = 1;
			};
			name = Release;
		};
/* End XCBuildConfiguration section */

/* Begin XCConfigurationList section */
		554EBDD029F1306400BC6BFE /* Build configuration list for PBXProject "SpaceCraft" */ = {
			isa = XCConfigurationList;
			buildConfigurations = (
				554EBDE729F1306500BC6BFE /* Debug */,
				554EBDE829F1306500BC6BFE /* Release */,
			);
			defaultConfigurationIsVisible = 0;
			defaultConfigurationName = Release;
		};
		554EBDE929F1306500BC6BFE /* Build configuration list for PBXNativeTarget "SpaceCraft" */ = {
			isa = XCConfigurationList;
			buildConfigurations = (
				554EBDEA29F1306500BC6BFE /* Debug */,
				554EBDEB29F1306500BC6BFE /* Release */,
			);
			defaultConfigurationIsVisible = 0;
			defaultConfigurationName = Release;
		};
/* End XCConfigurationList section */
	};
	rootObject = 554EBDCD29F1306400BC6BFE /* Project object */;
}
